
Microsoft Visual Studio Solution File, Format Version 12.00
# Visual Studio 15
VisualStudioVersion = 15.0.27004.2009
MinimumVisualStudioVersion = 10.0.40219.1
Project("{FAE04EC0-301F-11D3-BF4B-00C04F79EFBC}") = "HelloWebAPI", "HelloWebAPI\HelloWebAPI.csproj", "{CD7E36D5-954D-4FCC-A84F-B4B093BF5B6E}"
EndProject
Project("{FAE04EC0-301F-11D3-BF4B-00C04F79EFBC}") = "HelloWebAPI.Tests", "HelloWebAPI.Tests\HelloWebAPI.Tests.csproj", "{FAF93BCF-4297-45EF-B671-EE23EAEE239D}"
EndProject
Global
	GlobalSection(SolutionConfigurationPlatforms) = preSolution
		Debug|Any CPU = Debug|Any CPU
		Release|Any CPU = Release|Any CPU
	EndGlobalSection
	GlobalSection(ProjectConfigurationPlatforms) = postSolution
		{CD7E36D5-954D-4FCC-A84F-B4B093BF5B6E}.Debug|Any CPU.ActiveCfg = Debug|Any CPU
		{CD7E36D5-954D-4FCC-A84F-B4B093BF5B6E}.Debug|Any CPU.Build.0 = Debug|Any CPU
		{CD7E36D5-954D-4FCC-A84F-B4B093BF5B6E}.Release|Any CPU.ActiveCfg = Release|Any CPU
		{CD7E36D5-954D-4FCC-A84F-B4B093BF5B6E}.Release|Any CPU.Build.0 = Release|Any CPU
		{FAF93BCF-4297-45EF-B671-EE23EAEE239D}.Debug|Any CPU.ActiveCfg = Debug|Any CPU
		{FAF93BCF-4297-45EF-B671-EE23EAEE239D}.Debug|Any CPU.Build.0 = Debug|Any CPU
		{FAF93BCF-4297-45EF-B671-EE23EAEE239D}.Release|Any CPU.ActiveCfg = Release|Any CPU
		{FAF93BCF-4297-45EF-B671-EE23EAEE239D}.Release|Any CPU.Build.0 = Release|Any CPU
	EndGlobalSection
	GlobalSection(SolutionProperties) = preSolution
		HideSolutionNode = FALSE
	EndGlobalSection
	GlobalSection(ExtensibilityGlobals) = postSolution
		SolutionGuid = {56904C8C-4227-43E7-AB31-083F3118F3E3}
	EndGlobalSection
EndGlobal
